
Microsoft Visual Studio Solution File, Format Version 12.00
# Visual Studio Version 16
VisualStudioVersion = 16.0.31321.278
MinimumVisualStudioVersion = 10.0.40219.1
Project("{9A19103F-16F7-4668-BE54-9A1E7A4F7556}") = "TestsDesigner", "TestsDesigner\TestsDesigner.csproj", "{07AB94B6-F1C3-4732-8AAE-BAEF84FECF58}"
EndProject
Project("{9A19103F-16F7-4668-BE54-9A1E7A4F7556}") = "TestLib", "TestLib\TestLib.csproj", "{4302BE72-6727-4038-99D6-E200ADD31A0A}"
EndProject
Project("{9A19103F-16F7-4668-BE54-9A1E7A4F7556}") = "TestServer", "TestServer\TestServer.csproj", "{18463EB6-378F-4FE3-B32A-8D53DBB99682}"
EndProject
Project("{9A19103F-16F7-4668-BE54-9A1E7A4F7556}") = "DBLib", "UsersLib\DBLib.csproj", "{14945EE6-14DD-422C-BBD8-57C00B2A2DEC}"
EndProject
Project("{9A19103F-16F7-4668-BE54-9A1E7A4F7556}") = "MethodLib", "MethodLib\MethodLib.csproj", "{D5C7A4E7-6F8D-44E1-8F5A-2BF9E3804056}"
EndProject
Project("{9A19103F-16F7-4668-BE54-9A1E7A4F7556}") = "TestClient", "TestClient\TestClient.csproj", "{809DE456-D519-4505-9D44-5751E1F52E31}"
EndProject
Project("{FAE04EC0-301F-11D3-BF4B-00C04F79EFBC}") = "DataLib", "DataLib\DataLib.csproj", "{285CD418-8D84-471C-B3F4-611DE58BB240}"
EndProject
Global
	GlobalSection(SolutionConfigurationPlatforms) = preSolution
		Debug|Any CPU = Debug|Any CPU
		Release|Any CPU = Release|Any CPU
	EndGlobalSection
	GlobalSection(ProjectConfigurationPlatforms) = postSolution
		{07AB94B6-F1C3-4732-8AAE-BAEF84FECF58}.Debug|Any CPU.ActiveCfg = Debug|Any CPU
		{07AB94B6-F1C3-4732-8AAE-BAEF84FECF58}.Debug|Any CPU.Build.0 = Debug|Any CPU
		{07AB94B6-F1C3-4732-8AAE-BAEF84FECF58}.Release|Any CPU.ActiveCfg = Release|Any CPU
		{07AB94B6-F1C3-4732-8AAE-BAEF84FECF58}.Release|Any CPU.Build.0 = Release|Any CPU
		{4302BE72-6727-4038-99D6-E200ADD31A0A}.Debug|Any CPU.ActiveCfg = Debug|Any CPU
		{4302BE72-6727-4038-99D6-E200ADD31A0A}.Debug|Any CPU.Build.0 = Debug|Any CPU
		{4302BE72-6727-4038-99D6-E200ADD31A0A}.Release|Any CPU.ActiveCfg = Release|Any CPU
		{4302BE72-6727-4038-99D6-E200ADD31A0A}.Release|Any CPU.Build.0 = Release|Any CPU
		{18463EB6-378F-4FE3-B32A-8D53DBB99682}.Debug|Any CPU.ActiveCfg = Debug|Any CPU
		{18463EB6-378F-4FE3-B32A-8D53DBB99682}.Debug|Any CPU.Build.0 = Debug|Any CPU
		{18463EB6-378F-4FE3-B32A-8D53DBB99682}.Release|Any CPU.ActiveCfg = Release|Any CPU
		{18463EB6-378F-4FE3-B32A-8D53DBB99682}.Release|Any CPU.Build.0 = Release|Any CPU
		{14945EE6-14DD-422C-BBD8-57C00B2A2DEC}.Debug|Any CPU.ActiveCfg = Debug|Any CPU
		{14945EE6-14DD-422C-BBD8-57C00B2A2DEC}.Debug|Any CPU.Build.0 = Debug|Any CPU
		{14945EE6-14DD-422C-BBD8-57C00B2A2DEC}.Release|Any CPU.ActiveCfg = Release|Any CPU
		{14945EE6-14DD-422C-BBD8-57C00B2A2DEC}.Release|Any CPU.Build.0 = Release|Any CPU
		{D5C7A4E7-6F8D-44E1-8F5A-2BF9E3804056}.Debug|Any CPU.ActiveCfg = Debug|Any CPU
		{D5C7A4E7-6F8D-44E1-8F5A-2BF9E3804056}.Debug|Any CPU.Build.0 = Debug|Any CPU
		{D5C7A4E7-6F8D-44E1-8F5A-2BF9E3804056}.Release|Any CPU.ActiveCfg = Release|Any CPU
		{D5C7A4E7-6F8D-44E1-8F5A-2BF9E3804056}.Release|Any CPU.Build.0 = Release|Any CPU
		{809DE456-D519-4505-9D44-5751E1F52E31}.Debug|Any CPU.ActiveCfg = Debug|Any CPU
		{809DE456-D519-4505-9D44-5751E1F52E31}.Debug|Any CPU.Build.0 = Debug|Any CPU
		{809DE456-D519-4505-9D44-5751E1F52E31}.Release|Any CPU.ActiveCfg = Release|Any CPU
		{809DE456-D519-4505-9D44-5751E1F52E31}.Release|Any CPU.Build.0 = Release|Any CPU
		{285CD418-8D84-471C-B3F4-611DE58BB240}.Debug|Any CPU.ActiveCfg = Debug|Any CPU
		{285CD418-8D84-471C-B3F4-611DE58BB240}.Debug|Any CPU.Build.0 = Debug|Any CPU
		{285CD418-8D84-471C-B3F4-611DE58BB240}.Release|Any CPU.ActiveCfg = Release|Any CPU
		{285CD418-8D84-471C-B3F4-611DE58BB240}.Release|Any CPU.Build.0 = Release|Any CPU
	EndGlobalSection
	GlobalSection(SolutionProperties) = preSolution
		HideSolutionNode = FALSE
	EndGlobalSection
	GlobalSection(ExtensibilityGlobals) = postSolution
		SolutionGuid = {73EF86BC-A291-4EEC-9778-7669E17239C6}
	EndGlobalSection
EndGlobal
